
Microsoft Visual Studio Solution File, Format Version 12.00
# Visual Studio Version 17
VisualStudioVersion = 17.5.001.0
MinimumVisualStudioVersion = 10.0.40219.1
Project("{9A19103F-16F7-4668-BE54-9A1E7A4F7556}") = "Inoculated.Test", "Inoculated.Test\Inoculated.Test.csproj", "{6CEEDB2D-02B5-4084-9934-02DED10B59D4}"
EndProject
Project("{9A19103F-16F7-4668-BE54-9A1E7A4F7556}") = "Inoculator.Injector", "Inoculator.Injector\Inoculator.Injector.csproj", "{310A6BE2-4653-44C7-8674-02711707B66B}"
EndProject
Project("{9A19103F-16F7-4668-BE54-9A1E7A4F7556}") = "Inoculator.Interceptors", "Inoculator.Interceptors\Inoculator.Interceptors.csproj", "{BF49DA02-C469-4B89-9D5E-A8172EEE392F}"
EndProject
Project("{9A19103F-16F7-4668-BE54-9A1E7A4F7556}") = "Inoculator.Needle", "Inoculator.Needle\Inoculator.Needle.csproj", "{3719F7BB-5333-472D-95F8-8EC396A5F6D9}"
EndProject
Global
	GlobalSection(SolutionConfigurationPlatforms) = preSolution
		Debug|Any CPU = Debug|Any CPU
		Release|Any CPU = Release|Any CPU
	EndGlobalSection
	GlobalSection(ProjectConfigurationPlatforms) = postSolution
		{6CEEDB2D-02B5-4084-9934-02DED10B59D4}.Debug|Any CPU.ActiveCfg = Debug|Any CPU
		{6CEEDB2D-02B5-4084-9934-02DED10B59D4}.Debug|Any CPU.Build.0 = Debug|Any CPU
		{6CEEDB2D-02B5-4084-9934-02DED10B59D4}.Release|Any CPU.ActiveCfg = Release|Any CPU
		{6CEEDB2D-02B5-4084-9934-02DED10B59D4}.Release|Any CPU.Build.0 = Release|Any CPU
		{310A6BE2-4653-44C7-8674-02711707B66B}.Debug|Any CPU.ActiveCfg = Debug|Any CPU
		{310A6BE2-4653-44C7-8674-02711707B66B}.Debug|Any CPU.Build.0 = Debug|Any CPU
		{310A6BE2-4653-44C7-8674-02711707B66B}.Release|Any CPU.ActiveCfg = Release|Any CPU
		{310A6BE2-4653-44C7-8674-02711707B66B}.Release|Any CPU.Build.0 = Release|Any CPU
		{BF49DA02-C469-4B89-9D5E-A8172EEE392F}.Debug|Any CPU.ActiveCfg = Debug|Any CPU
		{BF49DA02-C469-4B89-9D5E-A8172EEE392F}.Debug|Any CPU.Build.0 = Debug|Any CPU
		{BF49DA02-C469-4B89-9D5E-A8172EEE392F}.Release|Any CPU.ActiveCfg = Release|Any CPU
		{BF49DA02-C469-4B89-9D5E-A8172EEE392F}.Release|Any CPU.Build.0 = Release|Any CPU
		{3719F7BB-5333-472D-95F8-8EC396A5F6D9}.Debug|Any CPU.ActiveCfg = Debug|Any CPU
		{3719F7BB-5333-472D-95F8-8EC396A5F6D9}.Debug|Any CPU.Build.0 = Debug|Any CPU
		{3719F7BB-5333-472D-95F8-8EC396A5F6D9}.Release|Any CPU.ActiveCfg = Release|Any CPU
		{3719F7BB-5333-472D-95F8-8EC396A5F6D9}.Release|Any CPU.Build.0 = Release|Any CPU
	EndGlobalSection
	GlobalSection(SolutionProperties) = preSolution
		HideSolutionNode = FALSE
	EndGlobalSection
	GlobalSection(ExtensibilityGlobals) = postSolution
		SolutionGuid = {C491324A-71D0-4D49-BC71-3ACE7A449422}
	EndGlobalSection
EndGlobal
